<?xml version="1.0" encoding="utf-8"?>
<Project ToolsVersion="4.0" xmlns="http://schemas.microsoft.com/developer/msbuild/2003">
  <ItemGroup>
    <Filter Include="Source Files">
      <UniqueIdentifier>{4FC737F1-C7A5-4376-A066-2A32D752A2FF}</UniqueIdentifier>
      <Extensions>cpp;c;cc;cxx;c++;cppm;ixx;def;odl;idl;hpj;bat;asm;asmx</Extensions>
    </Filter>
    <Filter Include="Header Files">
      <UniqueIdentifier>{93995380-89BD-4b04-88EB-625FBE52EBFB}</UniqueIdentifier>
      <Extensions>h;hh;hpp;hxx;h++;hm;inl;inc;ipp;xsd</Extensions>
    </Filter>
    <Filter Include="Resource Files">
      <UniqueIdentifier>{67DA6AB6-F800-4c08-8B7A-83BB121AAD01}</UniqueIdentifier>
      <Extensions>rc;ico;cur;bmp;dlg;rc2;rct;bin;rgs;gif;jpg;jpeg;jpe;resx;tiff;tif;png;wav;mfcribbon-ms</Extensions>
    </Filter>
  </ItemGroup>
  <ItemGroup>
    <ClInclude Include="framework.h">
      <Filter>Header Files</Filter>
    </ClInclude>
    <ClInclude Include="pch.h">
      <Filter>Header Files</Filter>
    </ClInclude>
    <ClInclude Include="lua_src\lapi.h">
      <Filter>Header Files</Filter>
    </ClInclude>
    <ClInclude Include="lua_src\lauxlib.h">
      <Filter>Header Files</Filter>
    </ClInclude>
    <ClInclude Include="lua_src\lcode.h">
      <Filter>Header Files</Filter>
    </ClInclude>
    <ClInclude Include="lua_src\lctype.h">
      <Filter>Header Files</Filter>
    </ClInclude>
    <ClInclude Include="lua_src\ldebug.h">
      <Filter>Header Files</Filter>
    </ClInclude>
    <ClInclude Include="lua_src\ldo.h">
      <Filter>Header Files</Filter>
    </ClInclude>
    <ClInclude Include="lua_src\lfunc.h">
      <Filter>Header Files</Filter>
    </ClInclude>
    <ClInclude Include="lua_src\lgc.h">
      <Filter>Header Files</Filter>
    </ClInclude>
    <ClInclude Include="lua_src\ljumptab.h">
      <Filter>Header Files</Filter>
    </ClInclude>
    <ClInclude Include="lua_src\llex.h">
      <Filter>Header Files</Filter>
    </ClInclude>
    <ClInclude Include="lua_src\llimits.h">
      <Filter>Header Files</Filter>
    </ClInclude>
    <ClInclude Include="lua_src\lmem.h">
      <Filter>Header Files</Filter>
    </ClInclude>
    <ClInclude Include="lua_src\lobject.h">
      <Filter>Header Files</Filter>
    </ClInclude>
    <ClInclude Include="lua_src\lopcodes.h">
      <Filter>Header Files</Filter>
    </ClInclude>
    <ClInclude Include="lua_src\lopnames.h">
      <Filter>Header Files</Filter>
    </ClInclude>
    <ClInclude Include="lua_src\lparser.h">
      <Filter>Header Files</Filter>
    </ClInclude>
    <ClInclude Include="lua_src\lprefix.h">
      <Filter>Header Files</Filter>
    </ClInclude>
    <ClInclude Include="lua_src\lstate.h">
      <Filter>Header Files</Filter>
    </ClInclude>
    <ClInclude Include="lua_src\lstring.h">
      <Filter>Header Files</Filter>
    </ClInclude>
    <ClInclude Include="lua_src\ltable.h">
      <Filter>Header Files</Filter>
    </ClInclude>
    <ClInclude Include="lua_src\ltm.h">
      <Filter>Header Files</Filter>
    </ClInclude>
    <ClInclude Include="lua_src\lua.h">
      <Filter>Header Files</Filter>
    </ClInclude>
    <ClInclude Include="lua_src\lua.hpp">
      <Filter>Header Files</Filter>
    </ClInclude>
    <ClInclude Include="lua_src\luaconf.h">
      <Filter>Header Files</Filter>
    </ClInclude>
    <ClInclude Include="lua_src\lualib.h">
      <Filter>Header Files</Filter>
    </ClInclude>
    <ClInclude Include="lua_src\lundump.h">
      <Filter>Header Files</Filter>
    </ClInclude>
    <ClInclude Include="lua_src\lvm.h">
      <Filter>Header Files</Filter>
    </ClInclude>
    <ClInclude Include="lua_src\lzio.h">
      <Filter>Header Files</Filter>
    </ClInclude>
    <ClInclude Include="Logger.h">
      <Filter>Source Files</Filter>
    </ClInclude>
    <ClInclude Include="PathUtils.h">
      <Filter>Source Files</Filter>
    </ClInclude>
    <ClInclude Include="ConfigParser.h">
      <Filter>Source Files</Filter>
    </ClInclude>
    <ClInclude Include="FlagFile.h">
      <Filter>Source Files</Filter>
    </ClInclude>
    <ClInclude Include="LuaSetup.h">
      <Filter>Source Files</Filter>
    </ClInclude>
    <ClInclude Include="HksInjector.h">
      <Filter>Source Files</Filter>
    </ClInclude>
    <ClInclude Include="Console.h">
      <Filter>Source Files</Filter>
    </ClInclude>
    <ClInclude Include="ConfigGenerator.h">
      <Filter>Source Files</Filter>
    </ClInclude>
    <ClInclude Include="Me3Utils.h">
      <Filter>Source Files</Filter>
    </ClInclude>
  </ItemGroup>
  <ItemGroup>
    <ClCompile Include="lua_src\lapi.c">
      <Filter>Header Files</Filter>
    </ClCompile>
    <ClCompile Include="lua_src\lauxlib.c">
      <Filter>Header Files</Filter>
    </ClCompile>
    <ClCompile Include="lua_src\lbaselib.c">
      <Filter>Header Files</Filter>
    </ClCompile>
    <ClCompile Include="lua_src\lcode.c">
      <Filter>Header Files</Filter>
    </ClCompile>
    <ClCompile Include="lua_src\lcorolib.c">
      <Filter>Header Files</Filter>
    </ClCompile>
    <ClCompile Include="lua_src\lctype.c">
      <Filter>Header Files</Filter>
    </ClCompile>
    <ClCompile Include="lua_src\ldblib.c">
      <Filter>Header Files</Filter>
    </ClCompile>
    <ClCompile Include="lua_src\ldebug.c">
      <Filter>Header Files</Filter>
    </ClCompile>
    <ClCompile Include="lua_src\ldo.c">
      <Filter>Header Files</Filter>
    </ClCompile>
    <ClCompile Include="lua_src\ldump.c">
      <Filter>Header Files</Filter>
    </ClCompile>
    <ClCompile Include="lua_src\lfunc.c">
      <Filter>Header Files</Filter>
    </ClCompile>
    <ClCompile Include="lua_src\lgc.c">
      <Filter>Header Files</Filter>
    </ClCompile>
    <ClCompile Include="lua_src\linit.c">
      <Filter>Header Files</Filter>
    </ClCompile>
    <ClCompile Include="lua_src\liolib.c">
      <Filter>Header Files</Filter>
    </ClCompile>
    <ClCompile Include="lua_src\llex.c">
      <Filter>Header Files</Filter>
    </ClCompile>
    <ClCompile Include="lua_src\lmathlib.c">
      <Filter>Header Files</Filter>
    </ClCompile>
    <ClCompile Include="lua_src\lmem.c">
      <Filter>Header Files</Filter>
    </ClCompile>
    <ClCompile Include="lua_src\loadlib.c">
      <Filter>Header Files</Filter>
    </ClCompile>
    <ClCompile Include="lua_src\lobject.c">
      <Filter>Header Files</Filter>
    </ClCompile>
    <ClCompile Include="lua_src\lopcodes.c">
      <Filter>Header Files</Filter>
    </ClCompile>
    <ClCompile Include="lua_src\loslib.c">
      <Filter>Header Files</Filter>
    </ClCompile>
    <ClCompile Include="lua_src\lparser.c">
      <Filter>Header Files</Filter>
    </ClCompile>
    <ClCompile Include="lua_src\lstate.c">
      <Filter>Header Files</Filter>
    </ClCompile>
    <ClCompile Include="lua_src\lstring.c">
      <Filter>Header Files</Filter>
    </ClCompile>
    <ClCompile Include="lua_src\lstrlib.c">
      <Filter>Header Files</Filter>
    </ClCompile>
    <ClCompile Include="lua_src\ltable.c">
      <Filter>Header Files</Filter>
    </ClCompile>
    <ClCompile Include="lua_src\ltablib.c">
      <Filter>Header Files</Filter>
    </ClCompile>
    <ClCompile Include="lua_src\ltm.c">
      <Filter>Header Files</Filter>
    </ClCompile>
    <ClCompile Include="lua_src\lundump.c">
      <Filter>Header Files</Filter>
    </ClCompile>
    <ClCompile Include="lua_src\lutf8lib.c">
      <Filter>Header Files</Filter>
    </ClCompile>
    <ClCompile Include="lua_src\lvm.c">
      <Filter>Header Files</Filter>
    </ClCompile>
    <ClCompile Include="lua_src\lzio.c">
      <Filter>Header Files</Filter>
    </ClCompile>
    <ClCompile Include="Logger.cpp">
      <Filter>Source Files</Filter>
    </ClCompile>
    <ClCompile Include="PathUtils.cpp">
      <Filter>Source Files</Filter>
    </ClCompile>
    <ClCompile Include="ConfigParser.cpp">
      <Filter>Source Files</Filter>
    </ClCompile>
    <ClCompile Include="FlagFile.cpp">
      <Filter>Source Files</Filter>
    </ClCompile>
    <ClCompile Include="LuaSetup.cpp">
      <Filter>Source Files</Filter>
    </ClCompile>
    <ClCompile Include="HksInjector.cpp">
      <Filter>Source Files</Filter>
    </ClCompile>
    <ClCompile Include="LuaLoader.cpp">
      <Filter>Source Files</Filter>
    </ClCompile>
    <ClCompile Include="Console.cpp">
      <Filter>Source Files</Filter>
    </ClCompile>
    <ClCompile Include="ConfigGenerator.cpp">
      <Filter>Source Files</Filter>
    </ClCompile>
    <ClCompile Include="Me3Utils.cpp">
      <Filter>Source Files</Filter>
    </ClCompile>
  </ItemGroup>
  <ItemGroup>
    <None Include="lua_src\Makefile">
      <Filter>Header Files</Filter>
    </None>
  </ItemGroup>
  <ItemGroup>
    <Text Include="CMakeLists.txt" />
  </ItemGroup>
</Project>